
Microsoft Visual Studio Solution File, Format Version 12.00
# Visual Studio 15
VisualStudioVersion = 15.0.28307.136
MinimumVisualStudioVersion = 10.0.40219.1
Project("{FAE04EC0-301F-11D3-BF4B-00C04F79EFBC}") = "Poker", "Poker\Poker.csproj", "{B942DF80-777F-4116-8DFB-098A2CAC269E}"
EndProject
Global
	GlobalSection(SolutionConfigurationPlatforms) = preSolution
		Debug|Any CPU = Debug|Any CPU
		Release|Any CPU = Release|Any CPU
	EndGlobalSection
	GlobalSection(ProjectConfigurationPlatforms) = postSolution
		{B942DF80-777F-4116-8DFB-098A2CAC269E}.Debug|Any CPU.ActiveCfg = Debug|Any CPU
		{B942DF80-777F-4116-8DFB-098A2CAC269E}.Debug|Any CPU.Build.0 = Debug|Any CPU
		{B942DF80-777F-4116-8DFB-098A2CAC269E}.Release|Any CPU.ActiveCfg = Release|Any CPU
		{B942DF80-777F-4116-8DFB-098A2CAC269E}.Release|Any CPU.Build.0 = Release|Any CPU
	EndGlobalSection
	GlobalSection(SolutionProperties) = preSolution
		HideSolutionNode = FALSE
	EndGlobalSection
	GlobalSection(ExtensibilityGlobals) = postSolution
		SolutionGuid = {1D3FA0CE-4E90-4B17-872B-602B9364C133}
	EndGlobalSection
EndGlobal
